
Microsoft Visual Studio Solution File, Format Version 11.00
# Visual Studio 2010
Project("{FAE04EC0-301F-11D3-BF4B-00C04F79EFBC}") = "LoanConsoleApp", "LoanConsoleApp\LoanConsoleApp.csproj", "{6912884F-958E-4F7A-8EA3-983F5BB7C9E5}"
EndProject
Project("{FAE04EC0-301F-11D3-BF4B-00C04F79EFBC}") = "LoanClassLibrary", "LoanClassLibrary\LoanClassLibrary.csproj", "{8D1DF737-5415-4410-9B49-2F3B3DA2096D}"
EndProject
Global
	GlobalSection(SolutionConfigurationPlatforms) = preSolution
		Debug|Any CPU = Debug|Any CPU
		Debug|Mixed Platforms = Debug|Mixed Platforms
		Debug|x86 = Debug|x86
		Release|Any CPU = Release|Any CPU
		Release|Mixed Platforms = Release|Mixed Platforms
		Release|x86 = Release|x86
	EndGlobalSection
	GlobalSection(ProjectConfigurationPlatforms) = postSolution
		{6912884F-958E-4F7A-8EA3-983F5BB7C9E5}.Debug|Any CPU.ActiveCfg = Debug|x86
		{6912884F-958E-4F7A-8EA3-983F5BB7C9E5}.Debug|Mixed Platforms.ActiveCfg = Debug|x86
		{6912884F-958E-4F7A-8EA3-983F5BB7C9E5}.Debug|Mixed Platforms.Build.0 = Debug|x86
		{6912884F-958E-4F7A-8EA3-983F5BB7C9E5}.Debug|x86.ActiveCfg = Debug|x86
		{6912884F-958E-4F7A-8EA3-983F5BB7C9E5}.Debug|x86.Build.0 = Debug|x86
		{6912884F-958E-4F7A-8EA3-983F5BB7C9E5}.Release|Any CPU.ActiveCfg = Release|x86
		{6912884F-958E-4F7A-8EA3-983F5BB7C9E5}.Release|Mixed Platforms.ActiveCfg = Release|x86
		{6912884F-958E-4F7A-8EA3-983F5BB7C9E5}.Release|Mixed Platforms.Build.0 = Release|x86
		{6912884F-958E-4F7A-8EA3-983F5BB7C9E5}.Release|x86.ActiveCfg = Release|x86
		{6912884F-958E-4F7A-8EA3-983F5BB7C9E5}.Release|x86.Build.0 = Release|x86
		{8D1DF737-5415-4410-9B49-2F3B3DA2096D}.Debug|Any CPU.ActiveCfg = Debug|Any CPU
		{8D1DF737-5415-4410-9B49-2F3B3DA2096D}.Debug|Any CPU.Build.0 = Debug|Any CPU
		{8D1DF737-5415-4410-9B49-2F3B3DA2096D}.Debug|Mixed Platforms.ActiveCfg = Debug|Any CPU
		{8D1DF737-5415-4410-9B49-2F3B3DA2096D}.Debug|Mixed Platforms.Build.0 = Debug|Any CPU
		{8D1DF737-5415-4410-9B49-2F3B3DA2096D}.Debug|x86.ActiveCfg = Debug|Any CPU
		{8D1DF737-5415-4410-9B49-2F3B3DA2096D}.Release|Any CPU.ActiveCfg = Release|Any CPU
		{8D1DF737-5415-4410-9B49-2F3B3DA2096D}.Release|Any CPU.Build.0 = Release|Any CPU
		{8D1DF737-5415-4410-9B49-2F3B3DA2096D}.Release|Mixed Platforms.ActiveCfg = Release|Any CPU
		{8D1DF737-5415-4410-9B49-2F3B3DA2096D}.Release|Mixed Platforms.Build.0 = Release|Any CPU
		{8D1DF737-5415-4410-9B49-2F3B3DA2096D}.Release|x86.ActiveCfg = Release|Any CPU
	EndGlobalSection
	GlobalSection(SolutionProperties) = preSolution
		HideSolutionNode = FALSE
	EndGlobalSection
EndGlobal
